{
  "name": "record_attend",
  "version": "1.0.0",
  "lockfileVersion": 2,
  "requires": true,
  "packages": {
    "": {
      "name": "record_attend",
      "version": "1.0.0",
      "license": "ISC",
      "dependencies": {
        "arp-a": "^0.5.2",
        "export-to-csv": "^0.2.1",
        "node-cron": "^3.0.0"
      }
    },
    "node_modules/arp-a": {
      "version": "0.5.2",
      "resolved": "https://registry.npmjs.org/arp-a/-/arp-a-0.5.2.tgz",
      "integrity": "sha1-moci6q6QP1nPwoGTsAQc9Em90Vo=",
      "hasInstallScript": true,
      "engines": {
        "node": ">=0.10"
      }
    },
    "node_modules/export-to-csv": {
      "version": "0.2.1",
      "resolved": "https://registry.npmjs.org/export-to-csv/-/export-to-csv-0.2.1.tgz",
      "integrity": "sha512-KTbrd3CAZ0cFceJEZr1e5uiMasabeCpXq1/5uvVxDl53o4jXJHnltasQoj2NkzrxD8hU9kdwjnMhoir/7nNx/A=="
    },
    "node_modules/moment": {
      "version": "2.29.3",
      "resolved": "https://registry.npmjs.org/moment/-/moment-2.29.3.tgz",
      "integrity": "sha512-c6YRvhEo//6T2Jz/vVtYzqBzwvPT95JBQ+smCytzf7c50oMZRsR/a4w88aD34I+/QVSfnoAnSBFPJHItlOMJVw==",
      "engines": {
        "node": "*"
      }
    },
    "node_modules/moment-timezone": {
      "version": "0.5.34",
      "resolved": "https://registry.npmjs.org/moment-timezone/-/moment-timezone-0.5.34.tgz",
      "integrity": "sha512-3zAEHh2hKUs3EXLESx/wsgw6IQdusOT8Bxm3D9UrHPQR7zlMmzwybC8zHEM1tQ4LJwP7fcxrWr8tuBg05fFCbg==",
      "dependencies": {
        "moment": ">= 2.9.0"
      },
      "engines": {
        "node": "*"
      }
    },
    "node_modules/node-cron": {
      "version": "3.0.0",
      "resolved": "https://registry.npmjs.org/node-cron/-/node-cron-3.0.0.tgz",
      "integrity": "sha512-DDwIvvuCwrNiaU7HEivFDULcaQualDv7KoNlB/UU1wPW0n1tDEmBJKhEIE6DlF2FuoOHcNbLJ8ITL2Iv/3AWmA==",
      "dependencies": {
        "moment-timezone": "^0.5.31"
      },
      "engines": {
        "node": ">=6.0.0"
      }
    }
  },
  "dependencies": {
    "arp-a": {
      "version": "0.5.2",
      "resolved": "https://registry.npmjs.org/arp-a/-/arp-a-0.5.2.tgz",
      "integrity": "sha1-moci6q6QP1nPwoGTsAQc9Em90Vo="
    },
    "export-to-csv": {
      "version": "0.2.1",
      "resolved": "https://registry.npmjs.org/export-to-csv/-/export-to-csv-0.2.1.tgz",
      "integrity": "sha512-KTbrd3CAZ0cFceJEZr1e5uiMasabeCpXq1/5uvVxDl53o4jXJHnltasQoj2NkzrxD8hU9kdwjnMhoir/7nNx/A=="
    },
    "moment": {
      "version": "2.29.3",
      "resolved": "https://registry.npmjs.org/moment/-/moment-2.29.3.tgz",
      "integrity": "sha512-c6YRvhEo//6T2Jz/vVtYzqBzwvPT95JBQ+smCytzf7c50oMZRsR/a4w88aD34I+/QVSfnoAnSBFPJHItlOMJVw=="
    },
    "moment-timezone": {
      "version": "0.5.34",
      "resolved": "https://registry.npmjs.org/moment-timezone/-/moment-timezone-0.5.34.tgz",
      "integrity": "sha512-3zAEHh2hKUs3EXLESx/wsgw6IQdusOT8Bxm3D9UrHPQR7zlMmzwybC8zHEM1tQ4LJwP7fcxrWr8tuBg05fFCbg==",
      "requires": {
        "moment": ">= 2.9.0"
      }
    },
    "node-cron": {
      "version": "3.0.0",
      "resolved": "https://registry.npmjs.org/node-cron/-/node-cron-3.0.0.tgz",
      "integrity": "sha512-DDwIvvuCwrNiaU7HEivFDULcaQualDv7KoNlB/UU1wPW0n1tDEmBJKhEIE6DlF2FuoOHcNbLJ8ITL2Iv/3AWmA==",
      "requires": {
        "moment-timezone": "^0.5.31"
      }
    }
  }
}
